
Microsoft Visual Studio Solution File, Format Version 12.00
# Visual Studio Version 17
VisualStudioVersion = 17.1.32210.238
MinimumVisualStudioVersion = 10.0.40219.1
Project("{FAE04EC0-301F-11D3-BF4B-00C04F79EFBC}") = "TinhDaHinh", "TinhDaHinh.csproj", "{6348B8A5-DA00-4E56-A4A5-BE8A2A465F5A}"
EndProject
Global
	GlobalSection(SolutionConfigurationPlatforms) = preSolution
		Debug|Any CPU = Debug|Any CPU
		Release|Any CPU = Release|Any CPU
	EndGlobalSection
	GlobalSection(ProjectConfigurationPlatforms) = postSolution
		{6348B8A5-DA00-4E56-A4A5-BE8A2A465F5A}.Debug|Any CPU.ActiveCfg = Debug|Any CPU
		{6348B8A5-DA00-4E56-A4A5-BE8A2A465F5A}.Debug|Any CPU.Build.0 = Debug|Any CPU
		{6348B8A5-DA00-4E56-A4A5-BE8A2A465F5A}.Release|Any CPU.ActiveCfg = Release|Any CPU
		{6348B8A5-DA00-4E56-A4A5-BE8A2A465F5A}.Release|Any CPU.Build.0 = Release|Any CPU
	EndGlobalSection
	GlobalSection(SolutionProperties) = preSolution
		HideSolutionNode = FALSE
	EndGlobalSection
	GlobalSection(ExtensibilityGlobals) = postSolution
		SolutionGuid = {C4138F56-4B30-4F32-B678-F71FF21C2878}
	EndGlobalSection
EndGlobal
